
Microsoft Visual Studio Solution File, Format Version 12.00
# Visual Studio 15
VisualStudioVersion = 15.0.27130.2027
MinimumVisualStudioVersion = 10.0.40219.1
Project("{FAE04EC0-301F-11D3-BF4B-00C04F79EFBC}") = "WeddingCD", "WeddingCD\WeddingCD.csproj", "{75486F1D-8ECF-4A83-A930-DD85E6A1EB6E}"
EndProject
Project("{2150E333-8FDC-42A3-9474-1A3956D46DE8}") = "0.Fundations", "0.Fundations", "{346DB3CA-CC50-453E-A9BB-EBB86FF263E2}"
EndProject
Project("{2150E333-8FDC-42A3-9474-1A3956D46DE8}") = "1.Data", "1.Data", "{2426E2DD-DADD-46F6-B170-C127ADCC5B58}"
EndProject
Project("{2150E333-8FDC-42A3-9474-1A3956D46DE8}") = "3.Applications", "3.Applications", "{8D8D0D87-5C69-43F6-8BAC-6176F535A236}"
EndProject
Project("{2150E333-8FDC-42A3-9474-1A3956D46DE8}") = "4.IoC", "4.IoC", "{9DF5CAC1-751B-4A12-A6AA-E42E64FAC4A6}"
EndProject
Project("{2150E333-8FDC-42A3-9474-1A3956D46DE8}") = "5.Tests", "5.Tests", "{EE40C8D8-9188-4864-B9B4-710020261674}"
EndProject
Project("{2150E333-8FDC-42A3-9474-1A3956D46DE8}") = "6.Tools", "6.Tools", "{76C6D6A9-B4A4-4893-BA9A-C26BA80546C0}"
EndProject
Project("{FAE04EC0-301F-11D3-BF4B-00C04F79EFBC}") = "WeddingCD.Resources", "WeddingCD.Resources\WeddingCD.Resources.csproj", "{265A333A-91AB-455E-AD34-D08B2A407BEA}"
EndProject
Project("{FAE04EC0-301F-11D3-BF4B-00C04F79EFBC}") = "WeddingCD.DAL.Context", "WeddingCD.DAL.Context\WeddingCD.DAL.Context.csproj", "{B6CCD5B1-985C-48A3-AD50-8B4A8E6122BD}"
EndProject
Project("{FAE04EC0-301F-11D3-BF4B-00C04F79EFBC}") = "WeddingCD.DAL.Entities", "WeddingCD.DAL.Entities\WeddingCD.DAL.Entities.csproj", "{871719B7-9EAC-49E2-9DB4-FEE1898B1F8F}"
EndProject
Project("{FAE04EC0-301F-11D3-BF4B-00C04F79EFBC}") = "WeddingCD.DAL.Mappings", "WeddingCD.DAL.Mappings\WeddingCD.DAL.Mappings.csproj", "{45BF7C7A-DD8A-4670-9B48-EBA73BF57A8E}"
EndProject
Project("{FAE04EC0-301F-11D3-BF4B-00C04F79EFBC}") = "WeddingCD.Common", "WeddingCD.Common\WeddingCD.Common.csproj", "{025B7C42-C42F-4078-9A23-079749975634}"
EndProject
Project("{FAE04EC0-301F-11D3-BF4B-00C04F79EFBC}") = "WeddingCD.IoC", "WeddingCD.IoC\WeddingCD.IoC.csproj", "{3D0DD411-15ED-45D5-9D70-E3E2C189A572}"
EndProject
Global
	GlobalSection(SolutionConfigurationPlatforms) = preSolution
		Debug|Any CPU = Debug|Any CPU
		Release|Any CPU = Release|Any CPU
	EndGlobalSection
	GlobalSection(ProjectConfigurationPlatforms) = postSolution
		{75486F1D-8ECF-4A83-A930-DD85E6A1EB6E}.Debug|Any CPU.ActiveCfg = Debug|Any CPU
		{75486F1D-8ECF-4A83-A930-DD85E6A1EB6E}.Debug|Any CPU.Build.0 = Debug|Any CPU
		{75486F1D-8ECF-4A83-A930-DD85E6A1EB6E}.Release|Any CPU.ActiveCfg = Release|Any CPU
		{75486F1D-8ECF-4A83-A930-DD85E6A1EB6E}.Release|Any CPU.Build.0 = Release|Any CPU
		{265A333A-91AB-455E-AD34-D08B2A407BEA}.Debug|Any CPU.ActiveCfg = Debug|Any CPU
		{265A333A-91AB-455E-AD34-D08B2A407BEA}.Debug|Any CPU.Build.0 = Debug|Any CPU
		{265A333A-91AB-455E-AD34-D08B2A407BEA}.Release|Any CPU.ActiveCfg = Release|Any CPU
		{265A333A-91AB-455E-AD34-D08B2A407BEA}.Release|Any CPU.Build.0 = Release|Any CPU
		{B6CCD5B1-985C-48A3-AD50-8B4A8E6122BD}.Debug|Any CPU.ActiveCfg = Debug|Any CPU
		{B6CCD5B1-985C-48A3-AD50-8B4A8E6122BD}.Debug|Any CPU.Build.0 = Debug|Any CPU
		{B6CCD5B1-985C-48A3-AD50-8B4A8E6122BD}.Release|Any CPU.ActiveCfg = Release|Any CPU
		{B6CCD5B1-985C-48A3-AD50-8B4A8E6122BD}.Release|Any CPU.Build.0 = Release|Any CPU
		{871719B7-9EAC-49E2-9DB4-FEE1898B1F8F}.Debug|Any CPU.ActiveCfg = Debug|Any CPU
		{871719B7-9EAC-49E2-9DB4-FEE1898B1F8F}.Debug|Any CPU.Build.0 = Debug|Any CPU
		{871719B7-9EAC-49E2-9DB4-FEE1898B1F8F}.Release|Any CPU.ActiveCfg = Release|Any CPU
		{871719B7-9EAC-49E2-9DB4-FEE1898B1F8F}.Release|Any CPU.Build.0 = Release|Any CPU
		{45BF7C7A-DD8A-4670-9B48-EBA73BF57A8E}.Debug|Any CPU.ActiveCfg = Debug|Any CPU
		{45BF7C7A-DD8A-4670-9B48-EBA73BF57A8E}.Debug|Any CPU.Build.0 = Debug|Any CPU
		{45BF7C7A-DD8A-4670-9B48-EBA73BF57A8E}.Release|Any CPU.ActiveCfg = Release|Any CPU
		{45BF7C7A-DD8A-4670-9B48-EBA73BF57A8E}.Release|Any CPU.Build.0 = Release|Any CPU
		{025B7C42-C42F-4078-9A23-079749975634}.Debug|Any CPU.ActiveCfg = Debug|Any CPU
		{025B7C42-C42F-4078-9A23-079749975634}.Debug|Any CPU.Build.0 = Debug|Any CPU
		{025B7C42-C42F-4078-9A23-079749975634}.Release|Any CPU.ActiveCfg = Release|Any CPU
		{025B7C42-C42F-4078-9A23-079749975634}.Release|Any CPU.Build.0 = Release|Any CPU
		{3D0DD411-15ED-45D5-9D70-E3E2C189A572}.Debug|Any CPU.ActiveCfg = Debug|Any CPU
		{3D0DD411-15ED-45D5-9D70-E3E2C189A572}.Debug|Any CPU.Build.0 = Debug|Any CPU
		{3D0DD411-15ED-45D5-9D70-E3E2C189A572}.Release|Any CPU.ActiveCfg = Release|Any CPU
		{3D0DD411-15ED-45D5-9D70-E3E2C189A572}.Release|Any CPU.Build.0 = Release|Any CPU
	EndGlobalSection
	GlobalSection(SolutionProperties) = preSolution
		HideSolutionNode = FALSE
	EndGlobalSection
	GlobalSection(NestedProjects) = preSolution
		{75486F1D-8ECF-4A83-A930-DD85E6A1EB6E} = {8D8D0D87-5C69-43F6-8BAC-6176F535A236}
		{265A333A-91AB-455E-AD34-D08B2A407BEA} = {346DB3CA-CC50-453E-A9BB-EBB86FF263E2}
		{B6CCD5B1-985C-48A3-AD50-8B4A8E6122BD} = {2426E2DD-DADD-46F6-B170-C127ADCC5B58}
		{871719B7-9EAC-49E2-9DB4-FEE1898B1F8F} = {2426E2DD-DADD-46F6-B170-C127ADCC5B58}
		{45BF7C7A-DD8A-4670-9B48-EBA73BF57A8E} = {2426E2DD-DADD-46F6-B170-C127ADCC5B58}
		{025B7C42-C42F-4078-9A23-079749975634} = {346DB3CA-CC50-453E-A9BB-EBB86FF263E2}
		{3D0DD411-15ED-45D5-9D70-E3E2C189A572} = {9DF5CAC1-751B-4A12-A6AA-E42E64FAC4A6}
	EndGlobalSection
	GlobalSection(ExtensibilityGlobals) = postSolution
		SolutionGuid = {39C57351-D67A-42CA-B721-B7EDE05CD2D7}
	EndGlobalSection
EndGlobal
